// !$*UTF8*$!
{
	archiveVersion = 1;
	classes = {
	};
	objectVersion = 56;
	objects = {

/* Begin PBXBuildFile section */
		F8B0D63029FD5FC6001CD670 /* AppDelegate.swift in Sources */ = {isa = PBXBuildFile; fileRef = F8B0D62F29FD5FC6001CD670 /* AppDelegate.swift */; };
		F8B0D63229FD5FC6001CD670 /* SceneDelegate.swift in Sources */ = {isa = PBXBuildFile; fileRef = F8B0D63129FD5FC6001CD670 /* SceneDelegate.swift */; };
		F8B0D63429FD5FC6001CD670 /* RMTabBarController.swift in Sources */ = {isa = PBXBuildFile; fileRef = F8B0D63329FD5FC6001CD670 /* RMTabBarController.swift */; };
		F8B0D63929FD5FC8001CD670 /* Assets.xcassets in Resources */ = {isa = PBXBuildFile; fileRef = F8B0D63829FD5FC8001CD670 /* Assets.xcassets */; };
		F8B0D63C29FD5FC8001CD670 /* LaunchScreen.storyboard in Resources */ = {isa = PBXBuildFile; fileRef = F8B0D63A29FD5FC8001CD670 /* LaunchScreen.storyboard */; };
		F8B0D64B29FD6541001CD670 /* RMLocation.swift in Sources */ = {isa = PBXBuildFile; fileRef = F8B0D64A29FD6541001CD670 /* RMLocation.swift */; };
		F8B0D64D29FD6553001CD670 /* RMCharacter.swift in Sources */ = {isa = PBXBuildFile; fileRef = F8B0D64C29FD6553001CD670 /* RMCharacter.swift */; };
		F8B0D64F29FD656A001CD670 /* RMEpisode.swift in Sources */ = {isa = PBXBuildFile; fileRef = F8B0D64E29FD656A001CD670 /* RMEpisode.swift */; };
		F8B0D65229FD662A001CD670 /* RMCharacterViewController.swift in Sources */ = {isa = PBXBuildFile; fileRef = F8B0D65129FD662A001CD670 /* RMCharacterViewController.swift */; };
		F8B0D65429FD664F001CD670 /* RMLocationViewController.swift in Sources */ = {isa = PBXBuildFile; fileRef = F8B0D65329FD664E001CD670 /* RMLocationViewController.swift */; };
		F8B0D65629FD665E001CD670 /* RMEpisodeViewController.swift in Sources */ = {isa = PBXBuildFile; fileRef = F8B0D65529FD665E001CD670 /* RMEpisodeViewController.swift */; };
		F8B0D65829FD6684001CD670 /* RMSettingsViewController.swift in Sources */ = {isa = PBXBuildFile; fileRef = F8B0D65729FD6684001CD670 /* RMSettingsViewController.swift */; };
/* End PBXBuildFile section */

/* Begin PBXFileReference section */
		F8B0D62C29FD5FC6001CD670 /* RIckAndMorty.app */ = {isa = PBXFileReference; explicitFileType = wrapper.application; includeInIndex = 0; path = RIckAndMorty.app; sourceTree = BUILT_PRODUCTS_DIR; };
		F8B0D62F29FD5FC6001CD670 /* AppDelegate.swift */ = {isa = PBXFileReference; lastKnownFileType = sourcecode.swift; path = AppDelegate.swift; sourceTree = "<group>"; };
		F8B0D63129FD5FC6001CD670 /* SceneDelegate.swift */ = {isa = PBXFileReference; lastKnownFileType = sourcecode.swift; path = SceneDelegate.swift; sourceTree = "<group>"; };
		F8B0D63329FD5FC6001CD670 /* RMTabBarController.swift */ = {isa = PBXFileReference; lastKnownFileType = sourcecode.swift; path = RMTabBarController.swift; sourceTree = "<group>"; };
		F8B0D63829FD5FC8001CD670 /* Assets.xcassets */ = {isa = PBXFileReference; lastKnownFileType = folder.assetcatalog; path = Assets.xcassets; sourceTree = "<group>"; };
		F8B0D63B29FD5FC8001CD670 /* Base */ = {isa = PBXFileReference; lastKnownFileType = file.storyboard; name = Base; path = Base.lproj/LaunchScreen.storyboard; sourceTree = "<group>"; };
		F8B0D63D29FD5FC8001CD670 /* Info.plist */ = {isa = PBXFileReference; lastKnownFileType = text.plist.xml; path = Info.plist; sourceTree = "<group>"; };
		F8B0D64A29FD6541001CD670 /* RMLocation.swift */ = {isa = PBXFileReference; lastKnownFileType = sourcecode.swift; path = RMLocation.swift; sourceTree = "<group>"; };
		F8B0D64C29FD6553001CD670 /* RMCharacter.swift */ = {isa = PBXFileReference; lastKnownFileType = sourcecode.swift; path = RMCharacter.swift; sourceTree = "<group>"; };
		F8B0D64E29FD656A001CD670 /* RMEpisode.swift */ = {isa = PBXFileReference; lastKnownFileType = sourcecode.swift; path = RMEpisode.swift; sourceTree = "<group>"; };
		F8B0D65129FD662A001CD670 /* RMCharacterViewController.swift */ = {isa = PBXFileReference; lastKnownFileType = sourcecode.swift; path = RMCharacterViewController.swift; sourceTree = "<group>"; };
		F8B0D65329FD664E001CD670 /* RMLocationViewController.swift */ = {isa = PBXFileReference; lastKnownFileType = sourcecode.swift; path = RMLocationViewController.swift; sourceTree = "<group>"; };
		F8B0D65529FD665E001CD670 /* RMEpisodeViewController.swift */ = {isa = PBXFileReference; lastKnownFileType = sourcecode.swift; path = RMEpisodeViewController.swift; sourceTree = "<group>"; };
		F8B0D65729FD6684001CD670 /* RMSettingsViewController.swift */ = {isa = PBXFileReference; lastKnownFileType = sourcecode.swift; path = RMSettingsViewController.swift; sourceTree = "<group>"; };
/* End PBXFileReference section */

/* Begin PBXFrameworksBuildPhase section */
		F8B0D62929FD5FC6001CD670 /* Frameworks */ = {
			isa = PBXFrameworksBuildPhase;
			buildActionMask = 2147483647;
			files = (
			);
			runOnlyForDeploymentPostprocessing = 0;
		};
/* End PBXFrameworksBuildPhase section */

/* Begin PBXGroup section */
		F8B0D62329FD5FC6001CD670 = {
			isa = PBXGroup;
			children = (
				F8B0D62E29FD5FC6001CD670 /* RIckAndMorty */,
				F8B0D62D29FD5FC6001CD670 /* Products */,
			);
			sourceTree = "<group>";
		};
		F8B0D62D29FD5FC6001CD670 /* Products */ = {
			isa = PBXGroup;
			children = (
				F8B0D62C29FD5FC6001CD670 /* RIckAndMorty.app */,
			);
			name = Products;
			sourceTree = "<group>";
		};
		F8B0D62E29FD5FC6001CD670 /* RIckAndMorty */ = {
			isa = PBXGroup;
			children = (
				F8B0D64929FD6492001CD670 /* Resources */,
				F8B0D64829FD648B001CD670 /* Managers */,
				F8B0D64729FD646C001CD670 /* APIClient */,
				F8B0D64629FD6456001CD670 /* ViewModels */,
				F8B0D64529FD6444001CD670 /* Views */,
				F8B0D64429FD6436001CD670 /* Models */,
				F8B0D64329FD642F001CD670 /* Controllers */,
				F8B0D63D29FD5FC8001CD670 /* Info.plist */,
			);
			path = RIckAndMorty;
			sourceTree = "<group>";
		};
		F8B0D64329FD642F001CD670 /* Controllers */ = {
			isa = PBXGroup;
			children = (
				F8B0D65029FD65E3001CD670 /* Core */,
			);
			path = Controllers;
			sourceTree = "<group>";
		};
		F8B0D64429FD6436001CD670 /* Models */ = {
			isa = PBXGroup;
			children = (
				F8B0D64A29FD6541001CD670 /* RMLocation.swift */,
				F8B0D64C29FD6553001CD670 /* RMCharacter.swift */,
				F8B0D64E29FD656A001CD670 /* RMEpisode.swift */,
			);
			path = Models;
			sourceTree = "<group>";
		};
		F8B0D64529FD6444001CD670 /* Views */ = {
			isa = PBXGroup;
			children = (
			);
			path = Views;
			sourceTree = "<group>";
		};
		F8B0D64629FD6456001CD670 /* ViewModels */ = {
			isa = PBXGroup;
			children = (
			);
			path = ViewModels;
			sourceTree = "<group>";
		};
		F8B0D64729FD646C001CD670 /* APIClient */ = {
			isa = PBXGroup;
			children = (
			);
			path = APIClient;
			sourceTree = "<group>";
		};
		F8B0D64829FD648B001CD670 /* Managers */ = {
			isa = PBXGroup;
			children = (
			);
			path = Managers;
			sourceTree = "<group>";
		};
		F8B0D64929FD6492001CD670 /* Resources */ = {
			isa = PBXGroup;
			children = (
				F8B0D62F29FD5FC6001CD670 /* AppDelegate.swift */,
				F8B0D63129FD5FC6001CD670 /* SceneDelegate.swift */,
				F8B0D63829FD5FC8001CD670 /* Assets.xcassets */,
				F8B0D63A29FD5FC8001CD670 /* LaunchScreen.storyboard */,
			);
			path = Resources;
			sourceTree = "<group>";
		};
		F8B0D65029FD65E3001CD670 /* Core */ = {
			isa = PBXGroup;
			children = (
				F8B0D63329FD5FC6001CD670 /* RMTabBarController.swift */,
				F8B0D65129FD662A001CD670 /* RMCharacterViewController.swift */,
				F8B0D65329FD664E001CD670 /* RMLocationViewController.swift */,
				F8B0D65529FD665E001CD670 /* RMEpisodeViewController.swift */,
				F8B0D65729FD6684001CD670 /* RMSettingsViewController.swift */,
			);
			path = Core;
			sourceTree = "<group>";
		};
/* End PBXGroup section */

/* Begin PBXNativeTarget section */
		F8B0D62B29FD5FC6001CD670 /* RIckAndMorty */ = {
			isa = PBXNativeTarget;
			buildConfigurationList = F8B0D64029FD5FC8001CD670 /* Build configuration list for PBXNativeTarget "RIckAndMorty" */;
			buildPhases = (
				F8B0D62829FD5FC6001CD670 /* Sources */,
				F8B0D62929FD5FC6001CD670 /* Frameworks */,
				F8B0D62A29FD5FC6001CD670 /* Resources */,
			);
			buildRules = (
			);
			dependencies = (
			);
			name = RIckAndMorty;
			productName = RIckAndMorty;
			productReference = F8B0D62C29FD5FC6001CD670 /* RIckAndMorty.app */;
			productType = "com.apple.product-type.application";
		};
/* End PBXNativeTarget section */

/* Begin PBXProject section */
		F8B0D62429FD5FC6001CD670 /* Project object */ = {
			isa = PBXProject;
			attributes = {
				BuildIndependentTargetsInParallel = 1;
				LastSwiftUpdateCheck = 1430;
				LastUpgradeCheck = 1430;
				TargetAttributes = {
					F8B0D62B29FD5FC6001CD670 = {
						CreatedOnToolsVersion = 14.3;
					};
				};
			};
			buildConfigurationList = F8B0D62729FD5FC6001CD670 /* Build configuration list for PBXProject "RIckAndMorty" */;
			compatibilityVersion = "Xcode 14.0";
			developmentRegion = en;
			hasScannedForEncodings = 0;
			knownRegions = (
				en,
				Base,
			);
			mainGroup = F8B0D62329FD5FC6001CD670;
			productRefGroup = F8B0D62D29FD5FC6001CD670 /* Products */;
			projectDirPath = "";
			projectRoot = "";
			targets = (
				F8B0D62B29FD5FC6001CD670 /* RIckAndMorty */,
			);
		};
/* End PBXProject section */

/* Begin PBXResourcesBuildPhase section */
		F8B0D62A29FD5FC6001CD670 /* Resources */ = {
			isa = PBXResourcesBuildPhase;
			buildActionMask = 2147483647;
			files = (
				F8B0D63C29FD5FC8001CD670 /* LaunchScreen.storyboard in Resources */,
				F8B0D63929FD5FC8001CD670 /* Assets.xcassets in Resources */,
			);
			runOnlyForDeploymentPostprocessing = 0;
		};
/* End PBXResourcesBuildPhase section */

/* Begin PBXSourcesBuildPhase section */
		F8B0D62829FD5FC6001CD670 /* Sources */ = {
			isa = PBXSourcesBuildPhase;
			buildActionMask = 2147483647;
			files = (
				F8B0D65429FD664F001CD670 /* RMLocationViewController.swift in Sources */,
				F8B0D64F29FD656A001CD670 /* RMEpisode.swift in Sources */,
				F8B0D63429FD5FC6001CD670 /* RMTabBarController.swift in Sources */,
				F8B0D65629FD665E001CD670 /* RMEpisodeViewController.swift in Sources */,
				F8B0D63029FD5FC6001CD670 /* AppDelegate.swift in Sources */,
				F8B0D63229FD5FC6001CD670 /* SceneDelegate.swift in Sources */,
				F8B0D65829FD6684001CD670 /* RMSettingsViewController.swift in Sources */,
				F8B0D64B29FD6541001CD670 /* RMLocation.swift in Sources */,
				F8B0D64D29FD6553001CD670 /* RMCharacter.swift in Sources */,
				F8B0D65229FD662A001CD670 /* RMCharacterViewController.swift in Sources */,
			);
			runOnlyForDeploymentPostprocessing = 0;
		};
/* End PBXSourcesBuildPhase section */

/* Begin PBXVariantGroup section */
		F8B0D63A29FD5FC8001CD670 /* LaunchScreen.storyboard */ = {
			isa = PBXVariantGroup;
			children = (
				F8B0D63B29FD5FC8001CD670 /* Base */,
			);
			name = LaunchScreen.storyboard;
			sourceTree = "<group>";
		};
/* End PBXVariantGroup section */

/* Begin XCBuildConfiguration section */
		F8B0D63E29FD5FC8001CD670 /* Debug */ = {
			isa = XCBuildConfiguration;
			buildSettings = {
				ALWAYS_SEARCH_USER_PATHS = NO;
				CLANG_ANALYZER_NONNULL = YES;
				CLANG_ANALYZER_NUMBER_OBJECT_CONVERSION = YES_AGGRESSIVE;
				CLANG_CXX_LANGUAGE_STANDARD = "gnu++20";
				CLANG_ENABLE_MODULES = YES;
				CLANG_ENABLE_OBJC_ARC = YES;
				CLANG_ENABLE_OBJC_WEAK = YES;
				CLANG_WARN_BLOCK_CAPTURE_AUTORELEASING = YES;
				CLANG_WARN_BOOL_CONVERSION = YES;
				CLANG_WARN_COMMA = YES;
				CLANG_WARN_CONSTANT_CONVERSION = YES;
				CLANG_WARN_DEPRECATED_OBJC_IMPLEMENTATIONS = YES;
				CLANG_WARN_DIRECT_OBJC_ISA_USAGE = YES_ERROR;
				CLANG_WARN_DOCUMENTATION_COMMENTS = YES;
				CLANG_WARN_EMPTY_BODY = YES;
				CLANG_WARN_ENUM_CONVERSION = YES;
				CLANG_WARN_INFINITE_RECURSION = YES;
				CLANG_WARN_INT_CONVERSION = YES;
				CLANG_WARN_NON_LITERAL_NULL_CONVERSION = YES;
				CLANG_WARN_OBJC_IMPLICIT_RETAIN_SELF = YES;
				CLANG_WARN_OBJC_LITERAL_CONVERSION = YES;
				CLANG_WARN_OBJC_ROOT_CLASS = YES_ERROR;
				CLANG_WARN_QUOTED_INCLUDE_IN_FRAMEWORK_HEADER = YES;
				CLANG_WARN_RANGE_LOOP_ANALYSIS = YES;
				CLANG_WARN_STRICT_PROTOTYPES = YES;
				CLANG_WARN_SUSPICIOUS_MOVE = YES;
				CLANG_WARN_UNGUARDED_AVAILABILITY = YES_AGGRESSIVE;
				CLANG_WARN_UNREACHABLE_CODE = YES;
				CLANG_WARN__DUPLICATE_METHOD_MATCH = YES;
				COPY_PHASE_STRIP = NO;
				DEBUG_INFORMATION_FORMAT = dwarf;
				ENABLE_STRICT_OBJC_MSGSEND = YES;
				ENABLE_TESTABILITY = YES;
				GCC_C_LANGUAGE_STANDARD = gnu11;
				GCC_DYNAMIC_NO_PIC = NO;
				GCC_NO_COMMON_BLOCKS = YES;
				GCC_OPTIMIZATION_LEVEL = 0;
				GCC_PREPROCESSOR_DEFINITIONS = (
					"DEBUG=1",
					"$(inherited)",
				);
				GCC_WARN_64_TO_32_BIT_CONVERSION = YES;
				GCC_WARN_ABOUT_RETURN_TYPE = YES_ERROR;
				GCC_WARN_UNDECLARED_SELECTOR = YES;
				GCC_WARN_UNINITIALIZED_AUTOS = YES_AGGRESSIVE;
				GCC_WARN_UNUSED_FUNCTION = YES;
				GCC_WARN_UNUSED_VARIABLE = YES;
				IPHONEOS_DEPLOYMENT_TARGET = 16.4;
				MTL_ENABLE_DEBUG_INFO = INCLUDE_SOURCE;
				MTL_FAST_MATH = YES;
				ONLY_ACTIVE_ARCH = YES;
				SDKROOT = iphoneos;
				SWIFT_ACTIVE_COMPILATION_CONDITIONS = DEBUG;
				SWIFT_OPTIMIZATION_LEVEL = "-Onone";
			};
			name = Debug;
		};
		F8B0D63F29FD5FC8001CD670 /* Release */ = {
			isa = XCBuildConfiguration;
			buildSettings = {
				ALWAYS_SEARCH_USER_PATHS = NO;
				CLANG_ANALYZER_NONNULL = YES;
				CLANG_ANALYZER_NUMBER_OBJECT_CONVERSION = YES_AGGRESSIVE;
				CLANG_CXX_LANGUAGE_STANDARD = "gnu++20";
				CLANG_ENABLE_MODULES = YES;
				CLANG_ENABLE_OBJC_ARC = YES;
				CLANG_ENABLE_OBJC_WEAK = YES;
				CLANG_WARN_BLOCK_CAPTURE_AUTORELEASING = YES;
				CLANG_WARN_BOOL_CONVERSION = YES;
				CLANG_WARN_COMMA = YES;
				CLANG_WARN_CONSTANT_CONVERSION = YES;
				CLANG_WARN_DEPRECATED_OBJC_IMPLEMENTATIONS = YES;
				CLANG_WARN_DIRECT_OBJC_ISA_USAGE = YES_ERROR;
				CLANG_WARN_DOCUMENTATION_COMMENTS = YES;
				CLANG_WARN_EMPTY_BODY = YES;
				CLANG_WARN_ENUM_CONVERSION = YES;
				CLANG_WARN_INFINITE_RECURSION = YES;
				CLANG_WARN_INT_CONVERSION = YES;
				CLANG_WARN_NON_LITERAL_NULL_CONVERSION = YES;
				CLANG_WARN_OBJC_IMPLICIT_RETAIN_SELF = YES;
				CLANG_WARN_OBJC_LITERAL_CONVERSION = YES;
				CLANG_WARN_OBJC_ROOT_CLASS = YES_ERROR;
				CLANG_WARN_QUOTED_INCLUDE_IN_FRAMEWORK_HEADER = YES;
				CLANG_WARN_RANGE_LOOP_ANALYSIS = YES;
				CLANG_WARN_STRICT_PROTOTYPES = YES;
				CLANG_WARN_SUSPICIOUS_MOVE = YES;
				CLANG_WARN_UNGUARDED_AVAILABILITY = YES_AGGRESSIVE;
				CLANG_WARN_UNREACHABLE_CODE = YES;
				CLANG_WARN__DUPLICATE_METHOD_MATCH = YES;
				COPY_PHASE_STRIP = NO;
				DEBUG_INFORMATION_FORMAT = "dwarf-with-dsym";
				ENABLE_NS_ASSERTIONS = NO;
				ENABLE_STRICT_OBJC_MSGSEND = YES;
				GCC_C_LANGUAGE_STANDARD = gnu11;
				GCC_NO_COMMON_BLOCKS = YES;
				GCC_WARN_64_TO_32_BIT_CONVERSION = YES;
				GCC_WARN_ABOUT_RETURN_TYPE = YES_ERROR;
				GCC_WARN_UNDECLARED_SELECTOR = YES;
				GCC_WARN_UNINITIALIZED_AUTOS = YES_AGGRESSIVE;
				GCC_WARN_UNUSED_FUNCTION = YES;
				GCC_WARN_UNUSED_VARIABLE = YES;
				IPHONEOS_DEPLOYMENT_TARGET = 16.4;
				MTL_ENABLE_DEBUG_INFO = NO;
				MTL_FAST_MATH = YES;
				SDKROOT = iphoneos;
				SWIFT_COMPILATION_MODE = wholemodule;
				SWIFT_OPTIMIZATION_LEVEL = "-O";
				VALIDATE_PRODUCT = YES;
			};
			name = Release;
		};
		F8B0D64129FD5FC8001CD670 /* Debug */ = {
			isa = XCBuildConfiguration;
			buildSettings = {
				ASSETCATALOG_COMPILER_APPICON_NAME = AppIcon;
				ASSETCATALOG_COMPILER_GLOBAL_ACCENT_COLOR_NAME = AccentColor;
				CODE_SIGN_STYLE = Automatic;
				CURRENT_PROJECT_VERSION = 1;
				GENERATE_INFOPLIST_FILE = YES;
				INFOPLIST_FILE = RIckAndMorty/Info.plist;
				INFOPLIST_KEY_UIApplicationSupportsIndirectInputEvents = YES;
				INFOPLIST_KEY_UILaunchStoryboardName = LaunchScreen;
				INFOPLIST_KEY_UISupportedInterfaceOrientations_iPad = "UIInterfaceOrientationPortrait UIInterfaceOrientationPortraitUpsideDown UIInterfaceOrientationLandscapeLeft UIInterfaceOrientationLandscapeRight";
				INFOPLIST_KEY_UISupportedInterfaceOrientations_iPhone = "UIInterfaceOrientationPortrait UIInterfaceOrientationLandscapeLeft UIInterfaceOrientationLandscapeRight";
				LD_RUNPATH_SEARCH_PATHS = (
					"$(inherited)",
					"@executable_path/Frameworks",
				);
				MARKETING_VERSION = 1.0;
				PRODUCT_BUNDLE_IDENTIFIER = com.gabriel.RIckAndMorty;
				PRODUCT_NAME = "$(TARGET_NAME)";
				SWIFT_EMIT_LOC_STRINGS = YES;
				SWIFT_VERSION = 5.0;
				TARGETED_DEVICE_FAMILY = "1,2";
			};
			name = Debug;
		};
		F8B0D64229FD5FC8001CD670 /* Release */ = {
			isa = XCBuildConfiguration;
			buildSettings = {
				ASSETCATALOG_COMPILER_APPICON_NAME = AppIcon;
				ASSETCATALOG_COMPILER_GLOBAL_ACCENT_COLOR_NAME = AccentColor;
				CODE_SIGN_STYLE = Automatic;
				CURRENT_PROJECT_VERSION = 1;
				GENERATE_INFOPLIST_FILE = YES;
				INFOPLIST_FILE = RIckAndMorty/Info.plist;
				INFOPLIST_KEY_UIApplicationSupportsIndirectInputEvents = YES;
				INFOPLIST_KEY_UILaunchStoryboardName = LaunchScreen;
				INFOPLIST_KEY_UISupportedInterfaceOrientations_iPad = "UIInterfaceOrientationPortrait UIInterfaceOrientationPortraitUpsideDown UIInterfaceOrientationLandscapeLeft UIInterfaceOrientationLandscapeRight";
				INFOPLIST_KEY_UISupportedInterfaceOrientations_iPhone = "UIInterfaceOrientationPortrait UIInterfaceOrientationLandscapeLeft UIInterfaceOrientationLandscapeRight";
				LD_RUNPATH_SEARCH_PATHS = (
					"$(inherited)",
					"@executable_path/Frameworks",
				);
				MARKETING_VERSION = 1.0;
				PRODUCT_BUNDLE_IDENTIFIER = com.gabriel.RIckAndMorty;
				PRODUCT_NAME = "$(TARGET_NAME)";
				SWIFT_EMIT_LOC_STRINGS = YES;
				SWIFT_VERSION = 5.0;
				TARGETED_DEVICE_FAMILY = "1,2";
			};
			name = Release;
		};
/* End XCBuildConfiguration section */

/* Begin XCConfigurationList section */
		F8B0D62729FD5FC6001CD670 /* Build configuration list for PBXProject "RIckAndMorty" */ = {
			isa = XCConfigurationList;
			buildConfigurations = (
				F8B0D63E29FD5FC8001CD670 /* Debug */,
				F8B0D63F29FD5FC8001CD670 /* Release */,
			);
			defaultConfigurationIsVisible = 0;
			defaultConfigurationName = Release;
		};
		F8B0D64029FD5FC8001CD670 /* Build configuration list for PBXNativeTarget "RIckAndMorty" */ = {
			isa = XCConfigurationList;
			buildConfigurations = (
				F8B0D64129FD5FC8001CD670 /* Debug */,
				F8B0D64229FD5FC8001CD670 /* Release */,
			);
			defaultConfigurationIsVisible = 0;
			defaultConfigurationName = Release;
		};
/* End XCConfigurationList section */
	};
	rootObject = F8B0D62429FD5FC6001CD670 /* Project object */;
}
